
Microsoft Visual Studio Solution File, Format Version 12.00
# Visual Studio Version 17
VisualStudioVersion = 17.3.32825.248
MinimumVisualStudioVersion = 10.0.40219.1
Project("{FAE04EC0-301F-11D3-BF4B-00C04F79EFBC}") = "FirstApp", "FirstApp\FirstApp.csproj", "{6A8D288F-1BA1-4A99-BA8F-0524B843DADC}"
EndProject
Global
	GlobalSection(SolutionConfigurationPlatforms) = preSolution
		Debug|Any CPU = Debug|Any CPU
		Release|Any CPU = Release|Any CPU
	EndGlobalSection
	GlobalSection(ProjectConfigurationPlatforms) = postSolution
		{6A8D288F-1BA1-4A99-BA8F-0524B843DADC}.Debug|Any CPU.ActiveCfg = Debug|Any CPU
		{6A8D288F-1BA1-4A99-BA8F-0524B843DADC}.Debug|Any CPU.Build.0 = Debug|Any CPU
		{6A8D288F-1BA1-4A99-BA8F-0524B843DADC}.Release|Any CPU.ActiveCfg = Release|Any CPU
		{6A8D288F-1BA1-4A99-BA8F-0524B843DADC}.Release|Any CPU.Build.0 = Release|Any CPU
	EndGlobalSection
	GlobalSection(SolutionProperties) = preSolution
		HideSolutionNode = FALSE
	EndGlobalSection
	GlobalSection(ExtensibilityGlobals) = postSolution
		SolutionGuid = {6B41C22A-C349-43D9-AF6A-9F0FA7BBF9ED}
	EndGlobalSection
EndGlobal
