
Microsoft Visual Studio Solution File, Format Version 12.00
# Visual Studio Version 17
VisualStudioVersion = 17.3.32901.215
MinimumVisualStudioVersion = 10.0.40219.1
Project("{FAE04EC0-301F-11D3-BF4B-00C04F79EFBC}") = "SalaryCalculatorTestProject", "SalaryCalculatorTestProject\SalaryCalculatorTestProject.csproj", "{B991130C-0FA4-4A20-A785-B4349C2B372D}"
EndProject
Project("{FAE04EC0-301F-11D3-BF4B-00C04F79EFBC}") = "Calculator", "Calculator\Calculator.csproj", "{CC3BBFEC-45B6-443F-AF3E-1A666B734F08}"
EndProject
Global
	GlobalSection(SolutionConfigurationPlatforms) = preSolution
		Debug|Any CPU = Debug|Any CPU
		Release|Any CPU = Release|Any CPU
	EndGlobalSection
	GlobalSection(ProjectConfigurationPlatforms) = postSolution
		{B991130C-0FA4-4A20-A785-B4349C2B372D}.Debug|Any CPU.ActiveCfg = Debug|Any CPU
		{B991130C-0FA4-4A20-A785-B4349C2B372D}.Debug|Any CPU.Build.0 = Debug|Any CPU
		{B991130C-0FA4-4A20-A785-B4349C2B372D}.Release|Any CPU.ActiveCfg = Release|Any CPU
		{B991130C-0FA4-4A20-A785-B4349C2B372D}.Release|Any CPU.Build.0 = Release|Any CPU
		{CC3BBFEC-45B6-443F-AF3E-1A666B734F08}.Debug|Any CPU.ActiveCfg = Debug|Any CPU
		{CC3BBFEC-45B6-443F-AF3E-1A666B734F08}.Debug|Any CPU.Build.0 = Debug|Any CPU
		{CC3BBFEC-45B6-443F-AF3E-1A666B734F08}.Release|Any CPU.ActiveCfg = Release|Any CPU
		{CC3BBFEC-45B6-443F-AF3E-1A666B734F08}.Release|Any CPU.Build.0 = Release|Any CPU
	EndGlobalSection
	GlobalSection(SolutionProperties) = preSolution
		HideSolutionNode = FALSE
	EndGlobalSection
	GlobalSection(ExtensibilityGlobals) = postSolution
		SolutionGuid = {9B4651E5-49EB-4C33-B288-DB8E7E249DA1}
	EndGlobalSection
EndGlobal
