
Microsoft Visual Studio Solution File, Format Version 12.00
# Visual Studio Version 17
VisualStudioVersion = 17.3.32901.215
MinimumVisualStudioVersion = 10.0.40219.1
Project("{FAE04EC0-301F-11D3-BF4B-00C04F79EFBC}") = "SimpleChatProgram", "SimpleChatProgram.csproj", "{AC1FDE19-493E-451A-9C94-B6419018EBBE}"
EndProject
Global
	GlobalSection(SolutionConfigurationPlatforms) = preSolution
		Debug|Any CPU = Debug|Any CPU
		Release|Any CPU = Release|Any CPU
	EndGlobalSection
	GlobalSection(ProjectConfigurationPlatforms) = postSolution
		{AC1FDE19-493E-451A-9C94-B6419018EBBE}.Debug|Any CPU.ActiveCfg = Debug|Any CPU
		{AC1FDE19-493E-451A-9C94-B6419018EBBE}.Debug|Any CPU.Build.0 = Debug|Any CPU
		{AC1FDE19-493E-451A-9C94-B6419018EBBE}.Release|Any CPU.ActiveCfg = Release|Any CPU
		{AC1FDE19-493E-451A-9C94-B6419018EBBE}.Release|Any CPU.Build.0 = Release|Any CPU
	EndGlobalSection
	GlobalSection(SolutionProperties) = preSolution
		HideSolutionNode = FALSE
	EndGlobalSection
	GlobalSection(ExtensibilityGlobals) = postSolution
		SolutionGuid = {7E4E6307-3B78-4C99-BCE8-EAF88A1E454F}
	EndGlobalSection
EndGlobal
