
Microsoft Visual Studio Solution File, Format Version 12.00
# Visual Studio Version 17
VisualStudioVersion = 17.3.32901.215
MinimumVisualStudioVersion = 10.0.40219.1
Project("{FAE04EC0-301F-11D3-BF4B-00C04F79EFBC}") = "LoopCounting", "LoopCounting.csproj", "{0FC8F94D-9B42-47DE-A013-49D39B9C09DF}"
EndProject
Global
	GlobalSection(SolutionConfigurationPlatforms) = preSolution
		Debug|Any CPU = Debug|Any CPU
		Release|Any CPU = Release|Any CPU
	EndGlobalSection
	GlobalSection(ProjectConfigurationPlatforms) = postSolution
		{0FC8F94D-9B42-47DE-A013-49D39B9C09DF}.Debug|Any CPU.ActiveCfg = Debug|Any CPU
		{0FC8F94D-9B42-47DE-A013-49D39B9C09DF}.Debug|Any CPU.Build.0 = Debug|Any CPU
		{0FC8F94D-9B42-47DE-A013-49D39B9C09DF}.Release|Any CPU.ActiveCfg = Release|Any CPU
		{0FC8F94D-9B42-47DE-A013-49D39B9C09DF}.Release|Any CPU.Build.0 = Release|Any CPU
	EndGlobalSection
	GlobalSection(SolutionProperties) = preSolution
		HideSolutionNode = FALSE
	EndGlobalSection
	GlobalSection(ExtensibilityGlobals) = postSolution
		SolutionGuid = {D27625B0-9F79-46B6-9888-FD0A6170ED93}
	EndGlobalSection
EndGlobal
